
Microsoft Visual Studio Solution File, Format Version 12.00
# Visual Studio Version 17
VisualStudioVersion = 17.9.34723.18
MinimumVisualStudioVersion = 10.0.40219.1
Project("{FAE04EC0-301F-11D3-BF4B-00C04F79EFBC}") = "Lista3ex10", "Lista3ex10\Lista3ex10.csproj", "{DFC9C4EA-A5D2-4A6E-85AE-4BF0CBC151A5}"
EndProject
Global
	GlobalSection(SolutionConfigurationPlatforms) = preSolution
		Debug|Any CPU = Debug|Any CPU
		Release|Any CPU = Release|Any CPU
	EndGlobalSection
	GlobalSection(ProjectConfigurationPlatforms) = postSolution
		{DFC9C4EA-A5D2-4A6E-85AE-4BF0CBC151A5}.Debug|Any CPU.ActiveCfg = Debug|Any CPU
		{DFC9C4EA-A5D2-4A6E-85AE-4BF0CBC151A5}.Debug|Any CPU.Build.0 = Debug|Any CPU
		{DFC9C4EA-A5D2-4A6E-85AE-4BF0CBC151A5}.Release|Any CPU.ActiveCfg = Release|Any CPU
		{DFC9C4EA-A5D2-4A6E-85AE-4BF0CBC151A5}.Release|Any CPU.Build.0 = Release|Any CPU
	EndGlobalSection
	GlobalSection(SolutionProperties) = preSolution
		HideSolutionNode = FALSE
	EndGlobalSection
	GlobalSection(ExtensibilityGlobals) = postSolution
		SolutionGuid = {ECBBEE3C-74F4-462D-AD41-66E48F00AB72}
	EndGlobalSection
EndGlobal
